
Microsoft Visual Studio Solution File, Format Version 12.00
# Visual Studio Version 17
VisualStudioVersion = 17.14.36616.10 d17.14
MinimumVisualStudioVersion = 10.0.40219.1
Project("{FAE04EC0-301F-11D3-BF4B-00C04F79EFBC}") = "DeskBooking.Infrastructure", "DeskBooking.Infrastructure\DeskBooking.Infrastructure.csproj", "{FC11199B-74DF-4EC6-8F0F-61AFD9DD93E0}"
EndProject
Global
	GlobalSection(SolutionConfigurationPlatforms) = preSolution
		Debug|Any CPU = Debug|Any CPU
		Release|Any CPU = Release|Any CPU
	EndGlobalSection
	GlobalSection(ProjectConfigurationPlatforms) = postSolution
		{FC11199B-74DF-4EC6-8F0F-61AFD9DD93E0}.Debug|Any CPU.ActiveCfg = Debug|Any CPU
		{FC11199B-74DF-4EC6-8F0F-61AFD9DD93E0}.Debug|Any CPU.Build.0 = Debug|Any CPU
		{FC11199B-74DF-4EC6-8F0F-61AFD9DD93E0}.Release|Any CPU.ActiveCfg = Release|Any CPU
		{FC11199B-74DF-4EC6-8F0F-61AFD9DD93E0}.Release|Any CPU.Build.0 = Release|Any CPU
	EndGlobalSection
	GlobalSection(SolutionProperties) = preSolution
		HideSolutionNode = FALSE
	EndGlobalSection
	GlobalSection(ExtensibilityGlobals) = postSolution
		SolutionGuid = {E1129460-FE63-4EFB-A87E-461115822272}
	EndGlobalSection
EndGlobal
